
Microsoft Visual Studio Solution File, Format Version 12.00
# Visual Studio Version 17
VisualStudioVersion = 17.14.36310.24
MinimumVisualStudioVersion = 10.0.40219.1
Project("{FAE04EC0-301F-11D3-BF4B-00C04F79EFBC}") = "OutlistService.Domain", "OutlistService.Domain\OutlistService.Domain.csproj", "{8EA65587-EC54-47AA-8A3E-83B3F6C5F7CE}"
EndProject
Project("{FAE04EC0-301F-11D3-BF4B-00C04F79EFBC}") = "OutlistService.Application", "OutlistService.Application\OutlistService.Application.csproj", "{7F83A5EA-468E-4627-9281-A4AFCED5684D}"
EndProject
Project("{FAE04EC0-301F-11D3-BF4B-00C04F79EFBC}") = "OutlistService.Infrastructure", "OutlistService.Infrastructure\OutlistService.Infrastructure.csproj", "{91DE11CB-B201-4E7B-9DD4-27D754AF1807}"
EndProject
Project("{2150E333-8FDC-42A3-9474-1A3956D46DE8}") = "Itens de Solução", "Itens de Solução", "{380A7511-A354-6D7A-0CC0-8FA1F1BA7B6C}"
	ProjectSection(SolutionItems) = preProject
		.gitignore = .gitignore
	EndProjectSection
EndProject
Project("{FAE04EC0-301F-11D3-BF4B-00C04F79EFBC}") = "OutlistService.API", "OutlistService.API\OutlistService.API.csproj", "{7FF899A2-0D37-F141-A801-1435EA3EAF2E}"
EndProject
Global
	GlobalSection(SolutionConfigurationPlatforms) = preSolution
		Debug|Any CPU = Debug|Any CPU
		Release|Any CPU = Release|Any CPU
	EndGlobalSection
	GlobalSection(ProjectConfigurationPlatforms) = postSolution
		{8EA65587-EC54-47AA-8A3E-83B3F6C5F7CE}.Debug|Any CPU.ActiveCfg = Debug|Any CPU
		{8EA65587-EC54-47AA-8A3E-83B3F6C5F7CE}.Debug|Any CPU.Build.0 = Debug|Any CPU
		{8EA65587-EC54-47AA-8A3E-83B3F6C5F7CE}.Release|Any CPU.ActiveCfg = Release|Any CPU
		{8EA65587-EC54-47AA-8A3E-83B3F6C5F7CE}.Release|Any CPU.Build.0 = Release|Any CPU
		{7F83A5EA-468E-4627-9281-A4AFCED5684D}.Debug|Any CPU.ActiveCfg = Debug|Any CPU
		{7F83A5EA-468E-4627-9281-A4AFCED5684D}.Debug|Any CPU.Build.0 = Debug|Any CPU
		{7F83A5EA-468E-4627-9281-A4AFCED5684D}.Release|Any CPU.ActiveCfg = Release|Any CPU
		{7F83A5EA-468E-4627-9281-A4AFCED5684D}.Release|Any CPU.Build.0 = Release|Any CPU
		{91DE11CB-B201-4E7B-9DD4-27D754AF1807}.Debug|Any CPU.ActiveCfg = Debug|Any CPU
		{91DE11CB-B201-4E7B-9DD4-27D754AF1807}.Debug|Any CPU.Build.0 = Debug|Any CPU
		{91DE11CB-B201-4E7B-9DD4-27D754AF1807}.Release|Any CPU.ActiveCfg = Release|Any CPU
		{91DE11CB-B201-4E7B-9DD4-27D754AF1807}.Release|Any CPU.Build.0 = Release|Any CPU
		{7FF899A2-0D37-F141-A801-1435EA3EAF2E}.Debug|Any CPU.ActiveCfg = Debug|Any CPU
		{7FF899A2-0D37-F141-A801-1435EA3EAF2E}.Debug|Any CPU.Build.0 = Debug|Any CPU
		{7FF899A2-0D37-F141-A801-1435EA3EAF2E}.Release|Any CPU.ActiveCfg = Release|Any CPU
		{7FF899A2-0D37-F141-A801-1435EA3EAF2E}.Release|Any CPU.Build.0 = Release|Any CPU
	EndGlobalSection
	GlobalSection(SolutionProperties) = preSolution
		HideSolutionNode = FALSE
	EndGlobalSection
	GlobalSection(ExtensibilityGlobals) = postSolution
		SolutionGuid = {3B7C757B-4AC9-458C-AD54-6CD3C58BD7AF}
	EndGlobalSection
EndGlobal
